
Microsoft Visual Studio Solution File, Format Version 12.00
# Visual Studio Version 17
VisualStudioVersion = 17.7.34031.279
MinimumVisualStudioVersion = 10.0.40219.1
Project("{FAE04EC0-301F-11D3-BF4B-00C04F79EFBC}") = "Properties.Api", "Properties.Api\Properties.Api.csproj", "{3EB03ECC-D9B6-4AC2-84A3-52617B95B559}"
EndProject
Project("{FAE04EC0-301F-11D3-BF4B-00C04F79EFBC}") = "Properties.Domain", "Properties.Domain\Properties.Domain.csproj", "{6DEE6AA1-558A-4EAA-A4FF-ECF482CF3D04}"
EndProject
Project("{FAE04EC0-301F-11D3-BF4B-00C04F79EFBC}") = "Properties.Infraestructure", "Properties.Infraestructure\Properties.Infraestructure.csproj", "{8F7CF389-22A5-4A4F-98EC-9654B7E6CD0C}"
EndProject
Project("{FAE04EC0-301F-11D3-BF4B-00C04F79EFBC}") = "Properties.Tests.Integration", "Properties.Tests.Integration\Properties.Tests.Integration.csproj", "{88C748C0-B945-45CB-846C-C56CCAF4A134}"
EndProject
Global
	GlobalSection(SolutionConfigurationPlatforms) = preSolution
		Debug|Any CPU = Debug|Any CPU
		Release|Any CPU = Release|Any CPU
	EndGlobalSection
	GlobalSection(ProjectConfigurationPlatforms) = postSolution
		{3EB03ECC-D9B6-4AC2-84A3-52617B95B559}.Debug|Any CPU.ActiveCfg = Debug|Any CPU
		{3EB03ECC-D9B6-4AC2-84A3-52617B95B559}.Debug|Any CPU.Build.0 = Debug|Any CPU
		{3EB03ECC-D9B6-4AC2-84A3-52617B95B559}.Release|Any CPU.ActiveCfg = Release|Any CPU
		{3EB03ECC-D9B6-4AC2-84A3-52617B95B559}.Release|Any CPU.Build.0 = Release|Any CPU
		{6DEE6AA1-558A-4EAA-A4FF-ECF482CF3D04}.Debug|Any CPU.ActiveCfg = Debug|Any CPU
		{6DEE6AA1-558A-4EAA-A4FF-ECF482CF3D04}.Debug|Any CPU.Build.0 = Debug|Any CPU
		{6DEE6AA1-558A-4EAA-A4FF-ECF482CF3D04}.Release|Any CPU.ActiveCfg = Release|Any CPU
		{6DEE6AA1-558A-4EAA-A4FF-ECF482CF3D04}.Release|Any CPU.Build.0 = Release|Any CPU
		{8F7CF389-22A5-4A4F-98EC-9654B7E6CD0C}.Debug|Any CPU.ActiveCfg = Debug|Any CPU
		{8F7CF389-22A5-4A4F-98EC-9654B7E6CD0C}.Debug|Any CPU.Build.0 = Debug|Any CPU
		{8F7CF389-22A5-4A4F-98EC-9654B7E6CD0C}.Release|Any CPU.ActiveCfg = Release|Any CPU
		{8F7CF389-22A5-4A4F-98EC-9654B7E6CD0C}.Release|Any CPU.Build.0 = Release|Any CPU
		{88C748C0-B945-45CB-846C-C56CCAF4A134}.Debug|Any CPU.ActiveCfg = Debug|Any CPU
		{88C748C0-B945-45CB-846C-C56CCAF4A134}.Debug|Any CPU.Build.0 = Debug|Any CPU
		{88C748C0-B945-45CB-846C-C56CCAF4A134}.Release|Any CPU.ActiveCfg = Release|Any CPU
		{88C748C0-B945-45CB-846C-C56CCAF4A134}.Release|Any CPU.Build.0 = Release|Any CPU
	EndGlobalSection
	GlobalSection(SolutionProperties) = preSolution
		HideSolutionNode = FALSE
	EndGlobalSection
	GlobalSection(ExtensibilityGlobals) = postSolution
		SolutionGuid = {FACFAE6B-7634-4047-8F41-69F5291BBA46}
	EndGlobalSection
EndGlobal
